{
  "version": 4,
  "terraform_version": "1.14.6",
  "serial": 7,
  "lineage": "191d5b3c-7137-1c66-297d-fa7a6a75af43",
  "outputs": {},
  "resources": [
    {
      "mode": "managed",
      "type": "aws_instance",
      "name": "example",
      "provider": "provider[\"registry.terraform.io/hashicorp/aws\"]",
      "instances": [
        {
          "index_key": "redhat-server",
          "schema_version": 2,
          "attributes": {
            "ami": "ami-0ad50334604831820",
            "arn": "arn:aws:ec2:us-east-1:213590135355:instance/i-0e8159f5ea9a3874c",
            "associate_public_ip_address": true,
            "availability_zone": "us-east-1f",
            "capacity_reservation_specification": [
              {
                "capacity_reservation_preference": "open",
                "capacity_reservation_target": []
              }
            ],
            "cpu_options": [
              {
                "amd_sev_snp": "",
                "core_count": 1,
                "nested_virtualization": "",
                "threads_per_core": 2
              }
            ],
            "credit_specification": [
              {
                "cpu_credits": "unlimited"
              }
            ],
            "disable_api_stop": false,
            "disable_api_termination": false,
            "ebs_block_device": [],
            "ebs_optimized": false,
            "enable_primary_ipv6": null,
            "enclave_options": [
              {
                "enabled": false
              }
            ],
            "ephemeral_block_device": [],
            "force_destroy": false,
            "get_password_data": false,
            "hibernation": false,
            "host_id": "",
            "host_resource_group_arn": null,
            "iam_instance_profile": "",
            "id": "i-0e8159f5ea9a3874c",
            "instance_initiated_shutdown_behavior": "stop",
            "instance_lifecycle": "",
            "instance_market_options": [],
            "instance_state": "running",
            "instance_type": "t3.micro",
            "ipv6_address_count": 0,
            "ipv6_addresses": [],
            "key_name": "redhat-server-key",
            "launch_template": [],
            "maintenance_options": [
              {
                "auto_recovery": "default"
              }
            ],
            "metadata_options": [
              {
                "http_endpoint": "enabled",
                "http_protocol_ipv6": "disabled",
                "http_put_response_hop_limit": 1,
                "http_tokens": "optional",
                "instance_metadata_tags": "disabled"
              }
            ],
            "monitoring": false,
            "network_interface": [],
            "outpost_arn": "",
            "password_data": "",
            "placement_group": "",
            "placement_group_id": "",
            "placement_partition_number": 0,
            "primary_network_interface": [
              {
                "delete_on_termination": true,
                "network_interface_id": "eni-0bfb8f3f3e0474ff9"
              }
            ],
            "primary_network_interface_id": "eni-0bfb8f3f3e0474ff9",
            "private_dns": "ip-172-31-72-250.ec2.internal",
            "private_dns_name_options": [
              {
                "enable_resource_name_dns_a_record": false,
                "enable_resource_name_dns_aaaa_record": false,
                "hostname_type": "ip-name"
              }
            ],
            "private_ip": "172.31.72.250",
            "public_dns": "ec2-98-83-32-43.compute-1.amazonaws.com",
            "public_ip": "98.83.32.43",
            "region": "us-east-1",
            "root_block_device": [
              {
                "delete_on_termination": true,
                "device_name": "/dev/sda1",
                "encrypted": false,
                "iops": 3000,
                "kms_key_id": "",
                "tags": {},
                "tags_all": {},
                "throughput": 125,
                "volume_id": "vol-063240deb69693696",
                "volume_size": 10,
                "volume_type": "gp3"
              }
            ],
            "secondary_network_interface": [],
            "secondary_private_ips": [],
            "security_groups": [
              "redhat-server-sg"
            ],
            "source_dest_check": true,
            "spot_instance_request_id": "",
            "subnet_id": "subnet-0cad2b1c8a56e6893",
            "tags": {
              "Role": "redhat-server",
              "name": "Redhat server"
            },
            "tags_all": {
              "Role": "redhat-server",
              "name": "Redhat server"
            },
            "tenancy": "default",
            "timeouts": null,
            "user_data": null,
            "user_data_base64": null,
            "user_data_replace_on_change": false,
            "volume_tags": null,
            "vpc_security_group_ids": [
              "sg-0d2862c2deb2e5e16"
            ]
          },
          "sensitive_attributes": [],
          "identity_schema_version": 0,
          "identity": {
            "account_id": "213590135355",
            "id": "i-0e8159f5ea9a3874c",
            "region": "us-east-1"
          },
          "private": "eyJlMmJmYjczMC1lY2FhLTExZTYtOGY4OC0zNDM2M2JjN2M0YzAiOnsiY3JlYXRlIjo2MDAwMDAwMDAwMDAsImRlbGV0ZSI6MTIwMDAwMDAwMDAwMCwicmVhZCI6OTAwMDAwMDAwMDAwLCJ1cGRhdGUiOjYwMDAwMDAwMDAwMH0sInNjaGVtYV92ZXJzaW9uIjoiMiJ9",
          "dependencies": [
            "aws_key_pair.ansible-test-key",
            "aws_security_group.ansibleSG"
          ]
        },
        {
          "index_key": "ubuntu-server",
          "schema_version": 2,
          "attributes": {
            "ami": "ami-0b6c6ebed2801a5cb",
            "arn": "arn:aws:ec2:us-east-1:213590135355:instance/i-0d56e3cfb4e49f0e3",
            "associate_public_ip_address": true,
            "availability_zone": "us-east-1f",
            "capacity_reservation_specification": [
              {
                "capacity_reservation_preference": "open",
                "capacity_reservation_target": []
              }
            ],
            "cpu_options": [
              {
                "amd_sev_snp": "",
                "core_count": 1,
                "nested_virtualization": "",
                "threads_per_core": 2
              }
            ],
            "credit_specification": [
              {
                "cpu_credits": "unlimited"
              }
            ],
            "disable_api_stop": false,
            "disable_api_termination": false,
            "ebs_block_device": [],
            "ebs_optimized": false,
            "enable_primary_ipv6": null,
            "enclave_options": [
              {
                "enabled": false
              }
            ],
            "ephemeral_block_device": [],
            "force_destroy": false,
            "get_password_data": false,
            "hibernation": false,
            "host_id": "",
            "host_resource_group_arn": null,
            "iam_instance_profile": "",
            "id": "i-0d56e3cfb4e49f0e3",
            "instance_initiated_shutdown_behavior": "stop",
            "instance_lifecycle": "",
            "instance_market_options": [],
            "instance_state": "running",
            "instance_type": "t3.micro",
            "ipv6_address_count": 0,
            "ipv6_addresses": [],
            "key_name": "ubuntu-server-key",
            "launch_template": [],
            "maintenance_options": [
              {
                "auto_recovery": "default"
              }
            ],
            "metadata_options": [
              {
                "http_endpoint": "enabled",
                "http_protocol_ipv6": "disabled",
                "http_put_response_hop_limit": 2,
                "http_tokens": "required",
                "instance_metadata_tags": "disabled"
              }
            ],
            "monitoring": false,
            "network_interface": [],
            "outpost_arn": "",
            "password_data": "",
            "placement_group": "",
            "placement_group_id": "",
            "placement_partition_number": 0,
            "primary_network_interface": [
              {
                "delete_on_termination": true,
                "network_interface_id": "eni-0837c8e1bbaf07eea"
              }
            ],
            "primary_network_interface_id": "eni-0837c8e1bbaf07eea",
            "private_dns": "ip-172-31-68-103.ec2.internal",
            "private_dns_name_options": [
              {
                "enable_resource_name_dns_a_record": false,
                "enable_resource_name_dns_aaaa_record": false,
                "hostname_type": "ip-name"
              }
            ],
            "private_ip": "172.31.68.103",
            "public_dns": "ec2-32-192-77-218.compute-1.amazonaws.com",
            "public_ip": "32.192.77.218",
            "region": "us-east-1",
            "root_block_device": [
              {
                "delete_on_termination": true,
                "device_name": "/dev/sda1",
                "encrypted": false,
                "iops": 3000,
                "kms_key_id": "",
                "tags": {},
                "tags_all": {},
                "throughput": 125,
                "volume_id": "vol-00aa7d0cf0f406abb",
                "volume_size": 8,
                "volume_type": "gp3"
              }
            ],
            "secondary_network_interface": [],
            "secondary_private_ips": [],
            "security_groups": [
              "ubuntu-server-sg"
            ],
            "source_dest_check": true,
            "spot_instance_request_id": "",
            "subnet_id": "subnet-0cad2b1c8a56e6893",
            "tags": {
              "Role": "ubuntu-server",
              "name": "ubuntu server"
            },
            "tags_all": {
              "Role": "ubuntu-server",
              "name": "ubuntu server"
            },
            "tenancy": "default",
            "timeouts": null,
            "user_data": null,
            "user_data_base64": null,
            "user_data_replace_on_change": false,
            "volume_tags": null,
            "vpc_security_group_ids": [
              "sg-029d1ba6a329b096d"
            ]
          },
          "sensitive_attributes": [],
          "identity_schema_version": 0,
          "identity": {
            "account_id": "213590135355",
            "id": "i-0d56e3cfb4e49f0e3",
            "region": "us-east-1"
          },
          "private": "eyJlMmJmYjczMC1lY2FhLTExZTYtOGY4OC0zNDM2M2JjN2M0YzAiOnsiY3JlYXRlIjo2MDAwMDAwMDAwMDAsImRlbGV0ZSI6MTIwMDAwMDAwMDAwMCwicmVhZCI6OTAwMDAwMDAwMDAwLCJ1cGRhdGUiOjYwMDAwMDAwMDAwMH0sInNjaGVtYV92ZXJzaW9uIjoiMiJ9",
          "dependencies": [
            "aws_key_pair.ansible-test-key",
            "aws_security_group.ansibleSG"
          ]
        }
      ]
    },
    {
      "mode": "managed",
      "type": "aws_key_pair",
      "name": "ansible-test-key",
      "provider": "provider[\"registry.terraform.io/hashicorp/aws\"]",
      "instances": [
        {
          "index_key": "redhat-server",
          "schema_version": 1,
          "attributes": {
            "arn": "arn:aws:ec2:us-east-1:213590135355:key-pair/redhat-server-key",
            "fingerprint": "93:af:b5:f2:a9:9e:9e:9b:9d:b2:aa:bc:75:8b:47:ed",
            "id": "redhat-server-key",
            "key_name": "redhat-server-key",
            "key_name_prefix": "",
            "key_pair_id": "key-0615a110d9c9a466e",
            "key_type": "rsa",
            "public_key": "ssh-rsa AAAAB3NzaC1yc2EAAAADAQABAAACAQCyFLNeg7QZrg23ZRRYWFf0bjDvy+YOUr44a2iavL4CAWFLIz68X+bT2/Fd315d3F8/gZC6M00LwLs35E9VMbG8ZC9udNhi98qH6kPLz7nYEpnCuWhTQLExfsAh8PGbV3dFYWeBd/mbH+kUaKjXMGfaWpb+lfu0Sv44z/F6THkTlgCYS2vYLwradAHHgQuHrFypyVTMqhSXdbKfWTnyI6pO+M3cUS+Axc3gY1lGuDWHA8/FaKO+vbMBYruAFU6hqbX0Y/XRvDmznLD+iJQPXmUqYz3FDYhze8gcskCcfkFj0m1FiTom/ndq4XPRQI/oGXHeot9Iz7yhIBPLo5Gghmy7ywzXdo20TObT02JdsTx3u1XhDFU30/72WBXsYkLmmupm7m6UCv7qBl3sQW1mOEKMmR+f9tXFRFgaYgeXnxtGA6N2T/E6N57dSQX5f3PrnFXwOOZ9Ow6xmln0BopdgQUXuRrkWjCKYY/JA86YIfVhN+tp/WqQ6XSn+0oU3fStFqcJQQSu8c73lyemhDJ5ON+kymFHtfFIdJ27mFzCAMXAhBSTOcM3GFb96UjSY8VvUq8WnldBDdDSpS3PeLg9xaxaXx2faLlVusB1Q4BSJVIJofgOkQQnpn1DxpcjsLypZRGwMsRJRuIphLFS8mqmvYXC/EnkwxdkfmDVlSQoMagGSQ== sbi@DESKTOP-GHOODQB",
            "region": "us-east-1",
            "tags": null,
            "tags_all": {}
          },
          "sensitive_attributes": [],
          "identity_schema_version": 0,
          "private": "eyJzY2hlbWFfdmVyc2lvbiI6IjEifQ=="
        },
        {
          "index_key": "ubuntu-server",
          "schema_version": 1,
          "attributes": {
            "arn": "arn:aws:ec2:us-east-1:213590135355:key-pair/ubuntu-server-key",
            "fingerprint": "93:af:b5:f2:a9:9e:9e:9b:9d:b2:aa:bc:75:8b:47:ed",
            "id": "ubuntu-server-key",
            "key_name": "ubuntu-server-key",
            "key_name_prefix": "",
            "key_pair_id": "key-031589070752c7f07",
            "key_type": "rsa",
            "public_key": "ssh-rsa AAAAB3NzaC1yc2EAAAADAQABAAACAQCyFLNeg7QZrg23ZRRYWFf0bjDvy+YOUr44a2iavL4CAWFLIz68X+bT2/Fd315d3F8/gZC6M00LwLs35E9VMbG8ZC9udNhi98qH6kPLz7nYEpnCuWhTQLExfsAh8PGbV3dFYWeBd/mbH+kUaKjXMGfaWpb+lfu0Sv44z/F6THkTlgCYS2vYLwradAHHgQuHrFypyVTMqhSXdbKfWTnyI6pO+M3cUS+Axc3gY1lGuDWHA8/FaKO+vbMBYruAFU6hqbX0Y/XRvDmznLD+iJQPXmUqYz3FDYhze8gcskCcfkFj0m1FiTom/ndq4XPRQI/oGXHeot9Iz7yhIBPLo5Gghmy7ywzXdo20TObT02JdsTx3u1XhDFU30/72WBXsYkLmmupm7m6UCv7qBl3sQW1mOEKMmR+f9tXFRFgaYgeXnxtGA6N2T/E6N57dSQX5f3PrnFXwOOZ9Ow6xmln0BopdgQUXuRrkWjCKYY/JA86YIfVhN+tp/WqQ6XSn+0oU3fStFqcJQQSu8c73lyemhDJ5ON+kymFHtfFIdJ27mFzCAMXAhBSTOcM3GFb96UjSY8VvUq8WnldBDdDSpS3PeLg9xaxaXx2faLlVusB1Q4BSJVIJofgOkQQnpn1DxpcjsLypZRGwMsRJRuIphLFS8mqmvYXC/EnkwxdkfmDVlSQoMagGSQ== sbi@DESKTOP-GHOODQB",
            "region": "us-east-1",
            "tags": null,
            "tags_all": {}
          },
          "sensitive_attributes": [],
          "identity_schema_version": 0,
          "private": "eyJzY2hlbWFfdmVyc2lvbiI6IjEifQ=="
        }
      ]
    },
    {
      "mode": "managed",
      "type": "aws_s3_bucket",
      "name": "my_bucket",
      "provider": "provider[\"registry.terraform.io/hashicorp/aws\"]",
      "instances": [
        {
          "schema_version": 0,
          "attributes": {
            "acceleration_status": "",
            "acl": null,
            "arn": "arn:aws:s3:::inventory-bucket-09032026",
            "bucket": "inventory-bucket-09032026",
            "bucket_domain_name": "inventory-bucket-09032026.s3.amazonaws.com",
            "bucket_prefix": "",
            "bucket_region": "us-east-1",
            "bucket_regional_domain_name": "inventory-bucket-09032026.s3.us-east-1.amazonaws.com",
            "cors_rule": [],
            "force_destroy": false,
            "grant": [
              {
                "id": "8b2e839de770639f44f28febfa0f0f5a486683e5b84a1ba244cb82dc946f33b2",
                "permissions": [
                  "FULL_CONTROL"
                ],
                "type": "CanonicalUser",
                "uri": ""
              }
            ],
            "hosted_zone_id": "Z3AQBSTGFYJSTF",
            "id": "inventory-bucket-09032026",
            "lifecycle_rule": [],
            "logging": [],
            "object_lock_configuration": [],
            "object_lock_enabled": false,
            "policy": "",
            "region": "us-east-1",
            "replication_configuration": [],
            "request_payer": "BucketOwner",
            "server_side_encryption_configuration": [
              {
                "rule": [
                  {
                    "apply_server_side_encryption_by_default": [
                      {
                        "kms_master_key_id": "",
                        "sse_algorithm": "AES256"
                      }
                    ],
                    "bucket_key_enabled": false
                  }
                ]
              }
            ],
            "tags": {
              "Environment": "test",
              "name": "My bucket"
            },
            "tags_all": {
              "Environment": "test",
              "name": "My bucket"
            },
            "timeouts": null,
            "versioning": [
              {
                "enabled": false,
                "mfa_delete": false
              }
            ],
            "website": [],
            "website_domain": null,
            "website_endpoint": null
          },
          "sensitive_attributes": [],
          "identity_schema_version": 0,
          "identity": {
            "account_id": "213590135355",
            "bucket": "inventory-bucket-09032026",
            "region": "us-east-1"
          },
          "private": "eyJlMmJmYjczMC1lY2FhLTExZTYtOGY4OC0zNDM2M2JjN2M0YzAiOnsiY3JlYXRlIjoxMjAwMDAwMDAwMDAwLCJkZWxldGUiOjM2MDAwMDAwMDAwMDAsInJlYWQiOjEyMDAwMDAwMDAwMDAsInVwZGF0ZSI6MTIwMDAwMDAwMDAwMH19"
        }
      ]
    },
    {
      "mode": "managed",
      "type": "aws_security_group",
      "name": "ansibleSG",
      "provider": "provider[\"registry.terraform.io/hashicorp/aws\"]",
      "instances": [
        {
          "index_key": "redhat-server",
          "schema_version": 1,
          "attributes": {
            "arn": "arn:aws:ec2:us-east-1:213590135355:security-group/sg-0d2862c2deb2e5e16",
            "description": "Managed by Terraform",
            "egress": [
              {
                "cidr_blocks": [
                  "0.0.0.0/0"
                ],
                "description": "",
                "from_port": 0,
                "ipv6_cidr_blocks": [],
                "prefix_list_ids": [],
                "protocol": "-1",
                "security_groups": [],
                "self": false,
                "to_port": 0
              }
            ],
            "id": "sg-0d2862c2deb2e5e16",
            "ingress": [
              {
                "cidr_blocks": [
                  "0.0.0.0/0"
                ],
                "description": "",
                "from_port": 22,
                "ipv6_cidr_blocks": [],
                "prefix_list_ids": [],
                "protocol": "tcp",
                "security_groups": [],
                "self": false,
                "to_port": 22
              },
              {
                "cidr_blocks": [
                  "0.0.0.0/0"
                ],
                "description": "",
                "from_port": 80,
                "ipv6_cidr_blocks": [],
                "prefix_list_ids": [],
                "protocol": "tcp",
                "security_groups": [],
                "self": false,
                "to_port": 80
              }
            ],
            "name": "redhat-server-sg",
            "name_prefix": "",
            "owner_id": "213590135355",
            "region": "us-east-1",
            "revoke_rules_on_delete": false,
            "tags": null,
            "tags_all": {},
            "timeouts": null,
            "vpc_id": "vpc-0740a9c95eb4d75a6"
          },
          "sensitive_attributes": [],
          "identity_schema_version": 0,
          "identity": {
            "account_id": "213590135355",
            "id": "sg-0d2862c2deb2e5e16",
            "region": "us-east-1"
          },
          "private": "eyJlMmJmYjczMC1lY2FhLTExZTYtOGY4OC0zNDM2M2JjN2M0YzAiOnsiY3JlYXRlIjo2MDAwMDAwMDAwMDAsImRlbGV0ZSI6OTAwMDAwMDAwMDAwfSwic2NoZW1hX3ZlcnNpb24iOiIxIn0="
        },
        {
          "index_key": "ubuntu-server",
          "schema_version": 1,
          "attributes": {
            "arn": "arn:aws:ec2:us-east-1:213590135355:security-group/sg-029d1ba6a329b096d",
            "description": "Managed by Terraform",
            "egress": [
              {
                "cidr_blocks": [
                  "0.0.0.0/0"
                ],
                "description": "",
                "from_port": 0,
                "ipv6_cidr_blocks": [],
                "prefix_list_ids": [],
                "protocol": "-1",
                "security_groups": [],
                "self": false,
                "to_port": 0
              }
            ],
            "id": "sg-029d1ba6a329b096d",
            "ingress": [
              {
                "cidr_blocks": [
                  "0.0.0.0/0"
                ],
                "description": "",
                "from_port": 22,
                "ipv6_cidr_blocks": [],
                "prefix_list_ids": [],
                "protocol": "tcp",
                "security_groups": [],
                "self": false,
                "to_port": 22
              },
              {
                "cidr_blocks": [
                  "0.0.0.0/0"
                ],
                "description": "",
                "from_port": 80,
                "ipv6_cidr_blocks": [],
                "prefix_list_ids": [],
                "protocol": "tcp",
                "security_groups": [],
                "self": false,
                "to_port": 80
              }
            ],
            "name": "ubuntu-server-sg",
            "name_prefix": "",
            "owner_id": "213590135355",
            "region": "us-east-1",
            "revoke_rules_on_delete": false,
            "tags": null,
            "tags_all": {},
            "timeouts": null,
            "vpc_id": "vpc-0740a9c95eb4d75a6"
          },
          "sensitive_attributes": [],
          "identity_schema_version": 0,
          "identity": {
            "account_id": "213590135355",
            "id": "sg-029d1ba6a329b096d",
            "region": "us-east-1"
          },
          "private": "eyJlMmJmYjczMC1lY2FhLTExZTYtOGY4OC0zNDM2M2JjN2M0YzAiOnsiY3JlYXRlIjo2MDAwMDAwMDAwMDAsImRlbGV0ZSI6OTAwMDAwMDAwMDAwfSwic2NoZW1hX3ZlcnNpb24iOiIxIn0="
        }
      ]
    }
  ],
  "check_results": null
}
